
Microsoft Visual Studio Solution File, Format Version 12.00
# Visual Studio Version 17
VisualStudioVersion = 17.6.33723.286
MinimumVisualStudioVersion = 10.0.40219.1
Project("{FAE04EC0-301F-11D3-BF4B-00C04F79EFBC}") = "ApiSecurity", "ApiSecurity\ApiSecurity.csproj", "{429BC951-8CEA-412F-A048-5257B953C634}"
EndProject
Global
	GlobalSection(SolutionConfigurationPlatforms) = preSolution
		Debug|Any CPU = Debug|Any CPU
		Release|Any CPU = Release|Any CPU
	EndGlobalSection
	GlobalSection(ProjectConfigurationPlatforms) = postSolution
		{429BC951-8CEA-412F-A048-5257B953C634}.Debug|Any CPU.ActiveCfg = Debug|Any CPU
		{429BC951-8CEA-412F-A048-5257B953C634}.Debug|Any CPU.Build.0 = Debug|Any CPU
		{429BC951-8CEA-412F-A048-5257B953C634}.Release|Any CPU.ActiveCfg = Release|Any CPU
		{429BC951-8CEA-412F-A048-5257B953C634}.Release|Any CPU.Build.0 = Release|Any CPU
	EndGlobalSection
	GlobalSection(SolutionProperties) = preSolution
		HideSolutionNode = FALSE
	EndGlobalSection
	GlobalSection(ExtensibilityGlobals) = postSolution
		SolutionGuid = {A1E63C0D-C8B4-4D1B-8BBC-F8957E429DA3}
	EndGlobalSection
EndGlobal
